
Microsoft Visual Studio Solution File, Format Version 12.00
# Visual Studio 14
VisualStudioVersion = 14.0.23107.0
MinimumVisualStudioVersion = 10.0.40219.1
Project("{FAE04EC0-301F-11D3-BF4B-00C04F79EFBC}") = "CefSharp.Example", "CefSharp.Example\CefSharp.Example.csproj", "{A4394E7B-1155-43A6-989E-8AB72DDDC9E4}"
EndProject
Project("{FAE04EC0-301F-11D3-BF4B-00C04F79EFBC}") = "proxy", "proxy\proxy.csproj", "{254BD050-4850-424D-B107-D1EA24F35879}"
EndProject
Project("{FAE04EC0-301F-11D3-BF4B-00C04F79EFBC}") = "proxy", "english\proxy.csproj", "{6875F122-22D5-46A6-BF14-5626F5DB9823}"
EndProject
Project("{2150E333-8FDC-42A3-9474-1A3956D46DE8}") = "test", "test", "{88C04564-1D72-4033-A70F-3C645CE8E749}"
EndProject
Global
	GlobalSection(SolutionConfigurationPlatforms) = preSolution
		Debug|Any CPU = Debug|Any CPU
		Debug|x64 = Debug|x64
		Debug|x86 = Debug|x86
		Release|Any CPU = Release|Any CPU
		Release|x64 = Release|x64
		Release|x86 = Release|x86
	EndGlobalSection
	GlobalSection(ProjectConfigurationPlatforms) = postSolution
		{A4394E7B-1155-43A6-989E-8AB72DDDC9E4}.Debug|Any CPU.ActiveCfg = Debug|x86
		{A4394E7B-1155-43A6-989E-8AB72DDDC9E4}.Debug|x64.ActiveCfg = Debug|x64
		{A4394E7B-1155-43A6-989E-8AB72DDDC9E4}.Debug|x64.Build.0 = Debug|x64
		{A4394E7B-1155-43A6-989E-8AB72DDDC9E4}.Debug|x86.ActiveCfg = Debug|x86
		{A4394E7B-1155-43A6-989E-8AB72DDDC9E4}.Debug|x86.Build.0 = Debug|x86
		{A4394E7B-1155-43A6-989E-8AB72DDDC9E4}.Release|Any CPU.ActiveCfg = Release|x86
		{A4394E7B-1155-43A6-989E-8AB72DDDC9E4}.Release|x64.ActiveCfg = Release|x64
		{A4394E7B-1155-43A6-989E-8AB72DDDC9E4}.Release|x64.Build.0 = Release|x64
		{A4394E7B-1155-43A6-989E-8AB72DDDC9E4}.Release|x86.ActiveCfg = Release|x86
		{A4394E7B-1155-43A6-989E-8AB72DDDC9E4}.Release|x86.Build.0 = Release|x86
		{254BD050-4850-424D-B107-D1EA24F35879}.Debug|Any CPU.ActiveCfg = Debug|Any CPU
		{254BD050-4850-424D-B107-D1EA24F35879}.Debug|Any CPU.Build.0 = Debug|Any CPU
		{254BD050-4850-424D-B107-D1EA24F35879}.Debug|x64.ActiveCfg = Debug|Any CPU
		{254BD050-4850-424D-B107-D1EA24F35879}.Debug|x64.Build.0 = Debug|Any CPU
		{254BD050-4850-424D-B107-D1EA24F35879}.Debug|x86.ActiveCfg = Debug|Any CPU
		{254BD050-4850-424D-B107-D1EA24F35879}.Debug|x86.Build.0 = Debug|Any CPU
		{254BD050-4850-424D-B107-D1EA24F35879}.Release|Any CPU.ActiveCfg = Release|Any CPU
		{254BD050-4850-424D-B107-D1EA24F35879}.Release|Any CPU.Build.0 = Release|Any CPU
		{254BD050-4850-424D-B107-D1EA24F35879}.Release|x64.ActiveCfg = Release|Any CPU
		{254BD050-4850-424D-B107-D1EA24F35879}.Release|x64.Build.0 = Release|Any CPU
		{254BD050-4850-424D-B107-D1EA24F35879}.Release|x86.ActiveCfg = Release|Any CPU
		{254BD050-4850-424D-B107-D1EA24F35879}.Release|x86.Build.0 = Release|Any CPU
		{6875F122-22D5-46A6-BF14-5626F5DB9823}.Debug|Any CPU.ActiveCfg = Debug|Any CPU
		{6875F122-22D5-46A6-BF14-5626F5DB9823}.Debug|Any CPU.Build.0 = Debug|Any CPU
		{6875F122-22D5-46A6-BF14-5626F5DB9823}.Debug|x64.ActiveCfg = Debug|Any CPU
		{6875F122-22D5-46A6-BF14-5626F5DB9823}.Debug|x64.Build.0 = Debug|Any CPU
		{6875F122-22D5-46A6-BF14-5626F5DB9823}.Debug|x86.ActiveCfg = Debug|Any CPU
		{6875F122-22D5-46A6-BF14-5626F5DB9823}.Debug|x86.Build.0 = Debug|Any CPU
		{6875F122-22D5-46A6-BF14-5626F5DB9823}.Release|Any CPU.ActiveCfg = Release|Any CPU
		{6875F122-22D5-46A6-BF14-5626F5DB9823}.Release|Any CPU.Build.0 = Release|Any CPU
		{6875F122-22D5-46A6-BF14-5626F5DB9823}.Release|x64.ActiveCfg = Release|Any CPU
		{6875F122-22D5-46A6-BF14-5626F5DB9823}.Release|x64.Build.0 = Release|Any CPU
		{6875F122-22D5-46A6-BF14-5626F5DB9823}.Release|x86.ActiveCfg = Release|Any CPU
		{6875F122-22D5-46A6-BF14-5626F5DB9823}.Release|x86.Build.0 = Release|Any CPU
	EndGlobalSection
	GlobalSection(SolutionProperties) = preSolution
		HideSolutionNode = FALSE
	EndGlobalSection
	GlobalSection(NestedProjects) = preSolution
		{A4394E7B-1155-43A6-989E-8AB72DDDC9E4} = {88C04564-1D72-4033-A70F-3C645CE8E749}
		{254BD050-4850-424D-B107-D1EA24F35879} = {88C04564-1D72-4033-A70F-3C645CE8E749}
	EndGlobalSection
	GlobalSection(ExtensibilityGlobals) = postSolution
		SolutionGuid = {498A1983-7AA3-4B31-AA87-78A5060FDF61}
	EndGlobalSection
EndGlobal
